{
  "name": "tests",
  "version": "0.0.1",
  "lockfileVersion": 1,
  "requires": true,
  "dependencies": {
    "unity-n-excel": {
      "version": "file:.."
    },
    "unity-n-tests": {
      "version": "github:shadowmint/unity-n-tests#934291cfc3eb8d01f080075bffb8297672ef96ba",
      "from": "github:shadowmint/unity-n-tests"
    }
  }
}
